
Microsoft Visual Studio Solution File, Format Version 12.00
# Visual Studio 15
VisualStudioVersion = 15.0.28307.271
MinimumVisualStudioVersion = 10.0.40219.1
Project("{FAE04EC0-301F-11D3-BF4B-00C04F79EFBC}") = "ExicoPaginationCore", "ExicoPaginationCore\ExicoPaginationCore.csproj", "{952E0998-79E9-4EEA-AF23-9A98C0273BD8}"
EndProject
Project("{FAE04EC0-301F-11D3-BF4B-00C04F79EFBC}") = "TestApplication", "TestApplication\TestApplication.csproj", "{AB572773-945A-428A-9B2E-81616EC4D270}"
EndProject
Global
	GlobalSection(SolutionConfigurationPlatforms) = preSolution
		Debug|Any CPU = Debug|Any CPU
		Release|Any CPU = Release|Any CPU
	EndGlobalSection
	GlobalSection(ProjectConfigurationPlatforms) = postSolution
		{952E0998-79E9-4EEA-AF23-9A98C0273BD8}.Debug|Any CPU.ActiveCfg = Debug|Any CPU
		{952E0998-79E9-4EEA-AF23-9A98C0273BD8}.Debug|Any CPU.Build.0 = Debug|Any CPU
		{952E0998-79E9-4EEA-AF23-9A98C0273BD8}.Release|Any CPU.ActiveCfg = Release|Any CPU
		{952E0998-79E9-4EEA-AF23-9A98C0273BD8}.Release|Any CPU.Build.0 = Release|Any CPU
		{AB572773-945A-428A-9B2E-81616EC4D270}.Debug|Any CPU.ActiveCfg = Debug|Any CPU
		{AB572773-945A-428A-9B2E-81616EC4D270}.Debug|Any CPU.Build.0 = Debug|Any CPU
		{AB572773-945A-428A-9B2E-81616EC4D270}.Release|Any CPU.ActiveCfg = Release|Any CPU
		{AB572773-945A-428A-9B2E-81616EC4D270}.Release|Any CPU.Build.0 = Release|Any CPU
	EndGlobalSection
	GlobalSection(SolutionProperties) = preSolution
		HideSolutionNode = FALSE
	EndGlobalSection
	GlobalSection(ExtensibilityGlobals) = postSolution
		SolutionGuid = {CAA81379-E599-4975-AF13-A58E0FCCC9E9}
	EndGlobalSection
EndGlobal
